
Microsoft Visual Studio Solution File, Format Version 12.00
# Visual Studio Version 17
VisualStudioVersion = 17.9.34728.123
MinimumVisualStudioVersion = 10.0.40219.1
Project("{FAE04EC0-301F-11D3-BF4B-00C04F79EFBC}") = "RwsMoraviaHomework", "RwsMoraviaHomework\RwsMoraviaHomework.csproj", "{B42C113E-AD6F-40D0-AFA1-88C2F66B8B60}"
EndProject
Project("{FAE04EC0-301F-11D3-BF4B-00C04F79EFBC}") = "Tests", "Tests\Tests.csproj", "{6A6D441C-EEED-4A63-AE34-031399EBD25A}"
EndProject
Global
	GlobalSection(SolutionConfigurationPlatforms) = preSolution
		Debug|Any CPU = Debug|Any CPU
		Release|Any CPU = Release|Any CPU
	EndGlobalSection
	GlobalSection(ProjectConfigurationPlatforms) = postSolution
		{B42C113E-AD6F-40D0-AFA1-88C2F66B8B60}.Debug|Any CPU.ActiveCfg = Debug|Any CPU
		{B42C113E-AD6F-40D0-AFA1-88C2F66B8B60}.Debug|Any CPU.Build.0 = Debug|Any CPU
		{B42C113E-AD6F-40D0-AFA1-88C2F66B8B60}.Release|Any CPU.ActiveCfg = Release|Any CPU
		{B42C113E-AD6F-40D0-AFA1-88C2F66B8B60}.Release|Any CPU.Build.0 = Release|Any CPU
		{6A6D441C-EEED-4A63-AE34-031399EBD25A}.Debug|Any CPU.ActiveCfg = Debug|Any CPU
		{6A6D441C-EEED-4A63-AE34-031399EBD25A}.Debug|Any CPU.Build.0 = Debug|Any CPU
		{6A6D441C-EEED-4A63-AE34-031399EBD25A}.Release|Any CPU.ActiveCfg = Release|Any CPU
		{6A6D441C-EEED-4A63-AE34-031399EBD25A}.Release|Any CPU.Build.0 = Release|Any CPU
	EndGlobalSection
	GlobalSection(SolutionProperties) = preSolution
		HideSolutionNode = FALSE
	EndGlobalSection
	GlobalSection(ExtensibilityGlobals) = postSolution
		SolutionGuid = {AD403918-CAC7-46FB-8631-F4341ACEA8A6}
	EndGlobalSection
EndGlobal
